# This file was autogenerated by Stack.
# You should not edit this file by hand.
# For more information, please see the documentation at:
#   https://docs.haskellstack.org/en/stable/lock_files

packages:
- completed:
    hackage: aeson-extra-0.5@sha256:6d682448847f8e47c4e02edf63cb02baafdaeab2ff93e4f8e1c383f53e802ef4,2832
    pantry-tree:
      size: 1007
      sha256: 59a4a167113d6e1a50296079727727d161f648780d642f179685df35b6780676
  original:
    hackage: aeson-extra-0.5@sha256:6d682448847f8e47c4e02edf63cb02baafdaeab2ff93e4f8e1c383f53e802ef4,2832
snapshots:
- completed:
    size: 565266
    url: https://raw.githubusercontent.com/commercialhaskell/stackage-snapshots/master/lts/17/5.yaml
    sha256: 78e8ebabf11406261abbc95b44f240acf71802630b368888f6d758de7fc3a2f7
  original:
    url: https://raw.githubusercontent.com/commercialhaskell/stackage-snapshots/master/lts/17/5.yaml
